<Solution>
  <Project Path="CodePlus/CodePlus.csproj" />
  <Project Path="DMS_App/DMS_App.csproj" Id="c132f72c-8c71-4f24-a06a-68500d63558a" />
  <Project Path="DMS_FE/dms_fe.esproj">
    <Build />
    <Deploy />
  </Project>
  <Project Path="DMS_Library/DMS_Library.csproj" Id="b7a2fd82-0d6e-4a0d-80d9-2218ac68b3be" />
  <Project Path="ExApp/ExApp.csproj" Id="6cdec616-9bb2-490c-be8c-8a117c5b9c08" />
  <Project Path="RustDesk/RustDesk.csproj" Id="c209c686-150c-4280-a98f-a40f01f2124f" />
</Solution>
